// !$*UTF8*$!
{
	archiveVersion = 1;
	classes = {
	};
	objectVersion = 50;
	objects = {

/* Begin PBXBuildFile section */
		8F56B4F323EFCCE100231A3D /* AppDelegate.swift in Sources */ = {isa = PBXBuildFile; fileRef = 8F56B4F223EFCCE100231A3D /* AppDelegate.swift */; };
		8F56B4F523EFCCE100231A3D /* SceneDelegate.swift in Sources */ = {isa = PBXBuildFile; fileRef = 8F56B4F423EFCCE100231A3D /* SceneDelegate.swift */; };
		8F56B4F723EFCCE100231A3D /* ViewController.swift in Sources */ = {isa = PBXBuildFile; fileRef = 8F56B4F623EFCCE100231A3D /* ViewController.swift */; };
		8F56B4FA23EFCCE100231A3D /* Main.storyboard in Resources */ = {isa = PBXBuildFile; fileRef = 8F56B4F823EFCCE100231A3D /* Main.storyboard */; };
		8F56B4FC23EFCCE200231A3D /* Assets.xcassets in Resources */ = {isa = PBXBuildFile; fileRef = 8F56B4FB23EFCCE200231A3D /* Assets.xcassets */; };
		8F56B4FF23EFCCE200231A3D /* LaunchScreen.storyboard in Resources */ = {isa = PBXBuildFile; fileRef = 8F56B4FD23EFCCE200231A3D /* LaunchScreen.storyboard */; };
/* End PBXBuildFile section */

/* Begin PBXFileReference section */
		8F56B4EF23EFCCE100231A3D /* HotPot.app */ = {isa = PBXFileReference; explicitFileType = wrapper.application; includeInIndex = 0; path = HotPot.app; sourceTree = BUILT_PRODUCTS_DIR; };
		8F56B4F223EFCCE100231A3D /* AppDelegate.swift */ = {isa = PBXFileReference; lastKnownFileType = sourcecode.swift; path = AppDelegate.swift; sourceTree = "<group>"; };
		8F56B4F423EFCCE100231A3D /* SceneDelegate.swift */ = {isa = PBXFileReference; lastKnownFileType = sourcecode.swift; path = SceneDelegate.swift; sourceTree = "<group>"; };
		8F56B4F623EFCCE100231A3D /* ViewController.swift */ = {isa = PBXFileReference; lastKnownFileType = sourcecode.swift; path = ViewController.swift; sourceTree = "<group>"; };
		8F56B4F923EFCCE100231A3D /* Base */ = {isa = PBXFileReference; lastKnownFileType = file.storyboard; name = Base; path = Base.lproj/Main.storyboard; sourceTree = "<group>"; };
		8F56B4FB23EFCCE200231A3D /* Assets.xcassets */ = {isa = PBXFileReference; lastKnownFileType = folder.assetcatalog; path = Assets.xcassets; sourceTree = "<group>"; };
		8F56B4FE23EFCCE200231A3D /* Base */ = {isa = PBXFileReference; lastKnownFileType = file.storyboard; name = Base; path = Base.lproj/LaunchScreen.storyboard; sourceTree = "<group>"; };
		8F56B50023EFCCE200231A3D /* Info.plist */ = {isa = PBXFileReference; lastKnownFileType = text.plist.xml; path = Info.plist; sourceTree = "<group>"; };
/* End PBXFileReference section */

/* Begin PBXFrameworksBuildPhase section */
		8F56B4EC23EFCCE100231A3D /* Frameworks */ = {
			isa = PBXFrameworksBuildPhase;
			buildActionMask = 2147483647;
			files = (
			);
			runOnlyForDeploymentPostprocessing = 0;
		};
/* End PBXFrameworksBuildPhase section */

/* Begin PBXGroup section */
		8F56B4E623EFCCE100231A3D = {
			isa = PBXGroup;
			children = (
				8F56B4F123EFCCE100231A3D /* HotPot */,
				8F56B4F023EFCCE100231A3D /* Products */,
			);
			sourceTree = "<group>";
		};
		8F56B4F023EFCCE100231A3D /* Products */ = {
			isa = PBXGroup;
			children = (
				8F56B4EF23EFCCE100231A3D /* HotPot.app */,
			);
			name = Products;
			sourceTree = "<group>";
		};
		8F56B4F123EFCCE100231A3D /* HotPot */ = {
			isa = PBXGroup;
			children = (
				8F56B4F223EFCCE100231A3D /* AppDelegate.swift */,
				8F56B4F423EFCCE100231A3D /* SceneDelegate.swift */,
				8F56B4F623EFCCE100231A3D /* ViewController.swift */,
				8F56B4F823EFCCE100231A3D /* Main.storyboard */,
				8F56B4FB23EFCCE200231A3D /* Assets.xcassets */,
				8F56B4FD23EFCCE200231A3D /* LaunchScreen.storyboard */,
				8F56B50023EFCCE200231A3D /* Info.plist */,
			);
			path = HotPot;
			sourceTree = "<group>";
		};
/* End PBXGroup section */

/* Begin PBXNativeTarget section */
		8F56B4EE23EFCCE100231A3D /* HotPot */ = {
			isa = PBXNativeTarget;
			buildConfigurationList = 8F56B50323EFCCE200231A3D /* Build configuration list for PBXNativeTarget "HotPot" */;
			buildPhases = (
				8F56B4EB23EFCCE100231A3D /* Sources */,
				8F56B4EC23EFCCE100231A3D /* Frameworks */,
				8F56B4ED23EFCCE100231A3D /* Resources */,
			);
			buildRules = (
			);
			dependencies = (
			);
			name = HotPot;
			productName = HotPot;
			productReference = 8F56B4EF23EFCCE100231A3D /* HotPot.app */;
			productType = "com.apple.product-type.application";
		};
/* End PBXNativeTarget section */

/* Begin PBXProject section */
		8F56B4E723EFCCE100231A3D /* Project object */ = {
			isa = PBXProject;
			attributes = {
				LastSwiftUpdateCheck = 1120;
				LastUpgradeCheck = 1120;
				ORGANIZATIONNAME = duanzengguang;
				TargetAttributes = {
					8F56B4EE23EFCCE100231A3D = {
						CreatedOnToolsVersion = 11.2.1;
					};
				};
			};
			buildConfigurationList = 8F56B4EA23EFCCE100231A3D /* Build configuration list for PBXProject "HotPot" */;
			compatibilityVersion = "Xcode 9.3";
			developmentRegion = en;
			hasScannedForEncodings = 0;
			knownRegions = (
				en,
				Base,
			);
			mainGroup = 8F56B4E623EFCCE100231A3D;
			productRefGroup = 8F56B4F023EFCCE100231A3D /* Products */;
			projectDirPath = "";
			projectRoot = "";
			targets = (
				8F56B4EE23EFCCE100231A3D /* HotPot */,
			);
		};
/* End PBXProject section */

/* Begin PBXResourcesBuildPhase section */
		8F56B4ED23EFCCE100231A3D /* Resources */ = {
			isa = PBXResourcesBuildPhase;
			buildActionMask = 2147483647;
			files = (
				8F56B4FF23EFCCE200231A3D /* LaunchScreen.storyboard in Resources */,
				8F56B4FC23EFCCE200231A3D /* Assets.xcassets in Resources */,
				8F56B4FA23EFCCE100231A3D /* Main.storyboard in Resources */,
			);
			runOnlyForDeploymentPostprocessing = 0;
		};
/* End PBXResourcesBuildPhase section */

/* Begin PBXSourcesBuildPhase section */
		8F56B4EB23EFCCE100231A3D /* Sources */ = {
			isa = PBXSourcesBuildPhase;
			buildActionMask = 2147483647;
			files = (
				8F56B4F723EFCCE100231A3D /* ViewController.swift in Sources */,
				8F56B4F323EFCCE100231A3D /* AppDelegate.swift in Sources */,
				8F56B4F523EFCCE100231A3D /* SceneDelegate.swift in Sources */,
			);
			runOnlyForDeploymentPostprocessing = 0;
		};
/* End PBXSourcesBuildPhase section */

/* Begin PBXVariantGroup section */
		8F56B4F823EFCCE100231A3D /* Main.storyboard */ = {
			isa = PBXVariantGroup;
			children = (
				8F56B4F923EFCCE100231A3D /* Base */,
			);
			name = Main.storyboard;
			sourceTree = "<group>";
		};
		8F56B4FD23EFCCE200231A3D /* LaunchScreen.storyboard */ = {
			isa = PBXVariantGroup;
			children = (
				8F56B4FE23EFCCE200231A3D /* Base */,
			);
			name = LaunchScreen.storyboard;
			sourceTree = "<group>";
		};
/* End PBXVariantGroup section */

/* Begin XCBuildConfiguration section */
		8F56B50123EFCCE200231A3D /* Debug */ = {
			isa = XCBuildConfiguration;
			buildSettings = {
				ALWAYS_SEARCH_USER_PATHS = NO;
				CLANG_ANALYZER_NONNULL = YES;
				CLANG_ANALYZER_NUMBER_OBJECT_CONVERSION = YES_AGGRESSIVE;
				CLANG_CXX_LANGUAGE_STANDARD = "gnu++14";
				CLANG_CXX_LIBRARY = "libc++";
				CLANG_ENABLE_MODULES = YES;
				CLANG_ENABLE_OBJC_ARC = YES;
				CLANG_ENABLE_OBJC_WEAK = YES;
				CLANG_WARN_BLOCK_CAPTURE_AUTORELEASING = YES;
				CLANG_WARN_BOOL_CONVERSION = YES;
				CLANG_WARN_COMMA = YES;
				CLANG_WARN_CONSTANT_CONVERSION = YES;
				CLANG_WARN_DEPRECATED_OBJC_IMPLEMENTATIONS = YES;
				CLANG_WARN_DIRECT_OBJC_ISA_USAGE = YES_ERROR;
				CLANG_WARN_DOCUMENTATION_COMMENTS = YES;
				CLANG_WARN_EMPTY_BODY = YES;
				CLANG_WARN_ENUM_CONVERSION = YES;
				CLANG_WARN_INFINITE_RECURSION = YES;
				CLANG_WARN_INT_CONVERSION = YES;
				CLANG_WARN_NON_LITERAL_NULL_CONVERSION = YES;
				CLANG_WARN_OBJC_IMPLICIT_RETAIN_SELF = YES;
				CLANG_WARN_OBJC_LITERAL_CONVERSION = YES;
				CLANG_WARN_OBJC_ROOT_CLASS = YES_ERROR;
				CLANG_WARN_RANGE_LOOP_ANALYSIS = YES;
				CLANG_WARN_STRICT_PROTOTYPES = YES;
				CLANG_WARN_SUSPICIOUS_MOVE = YES;
				CLANG_WARN_UNGUARDED_AVAILABILITY = YES_AGGRESSIVE;
				CLANG_WARN_UNREACHABLE_CODE = YES;
				CLANG_WARN__DUPLICATE_METHOD_MATCH = YES;
				COPY_PHASE_STRIP = NO;
				DEBUG_INFORMATION_FORMAT = dwarf;
				ENABLE_STRICT_OBJC_MSGSEND = YES;
				ENABLE_TESTABILITY = YES;
				GCC_C_LANGUAGE_STANDARD = gnu11;
				GCC_DYNAMIC_NO_PIC = NO;
				GCC_NO_COMMON_BLOCKS = YES;
				GCC_OPTIMIZATION_LEVEL = 0;
				GCC_PREPROCESSOR_DEFINITIONS = (
					"DEBUG=1",
					"$(inherited)",
				);
				GCC_WARN_64_TO_32_BIT_CONVERSION = YES;
				GCC_WARN_ABOUT_RETURN_TYPE = YES_ERROR;
				GCC_WARN_UNDECLARED_SELECTOR = YES;
				GCC_WARN_UNINITIALIZED_AUTOS = YES_AGGRESSIVE;
				GCC_WARN_UNUSED_FUNCTION = YES;
				GCC_WARN_UNUSED_VARIABLE = YES;
				IPHONEOS_DEPLOYMENT_TARGET = 13.2;
				MTL_ENABLE_DEBUG_INFO = INCLUDE_SOURCE;
				MTL_FAST_MATH = YES;
				ONLY_ACTIVE_ARCH = YES;
				SDKROOT = iphoneos;
				SWIFT_ACTIVE_COMPILATION_CONDITIONS = DEBUG;
				SWIFT_OPTIMIZATION_LEVEL = "-Onone";
			};
			name = Debug;
		};
		8F56B50223EFCCE200231A3D /* Release */ = {
			isa = XCBuildConfiguration;
			buildSettings = {
				ALWAYS_SEARCH_USER_PATHS = NO;
				CLANG_ANALYZER_NONNULL = YES;
				CLANG_ANALYZER_NUMBER_OBJECT_CONVERSION = YES_AGGRESSIVE;
				CLANG_CXX_LANGUAGE_STANDARD = "gnu++14";
				CLANG_CXX_LIBRARY = "libc++";
				CLANG_ENABLE_MODULES = YES;
				CLANG_ENABLE_OBJC_ARC = YES;
				CLANG_ENABLE_OBJC_WEAK = YES;
				CLANG_WARN_BLOCK_CAPTURE_AUTORELEASING = YES;
				CLANG_WARN_BOOL_CONVERSION = YES;
				CLANG_WARN_COMMA = YES;
				CLANG_WARN_CONSTANT_CONVERSION = YES;
				CLANG_WARN_DEPRECATED_OBJC_IMPLEMENTATIONS = YES;
				CLANG_WARN_DIRECT_OBJC_ISA_USAGE = YES_ERROR;
				CLANG_WARN_DOCUMENTATION_COMMENTS = YES;
				CLANG_WARN_EMPTY_BODY = YES;
				CLANG_WARN_ENUM_CONVERSION = YES;
				CLANG_WARN_INFINITE_RECURSION = YES;
				CLANG_WARN_INT_CONVERSION = YES;
				CLANG_WARN_NON_LITERAL_NULL_CONVERSION = YES;
				CLANG_WARN_OBJC_IMPLICIT_RETAIN_SELF = YES;
				CLANG_WARN_OBJC_LITERAL_CONVERSION = YES;
				CLANG_WARN_OBJC_ROOT_CLASS = YES_ERROR;
				CLANG_WARN_RANGE_LOOP_ANALYSIS = YES;
				CLANG_WARN_STRICT_PROTOTYPES = YES;
				CLANG_WARN_SUSPICIOUS_MOVE = YES;
				CLANG_WARN_UNGUARDED_AVAILABILITY = YES_AGGRESSIVE;
				CLANG_WARN_UNREACHABLE_CODE = YES;
				CLANG_WARN__DUPLICATE_METHOD_MATCH = YES;
				COPY_PHASE_STRIP = NO;
				DEBUG_INFORMATION_FORMAT = "dwarf-with-dsym";
				ENABLE_NS_ASSERTIONS = NO;
				ENABLE_STRICT_OBJC_MSGSEND = YES;
				GCC_C_LANGUAGE_STANDARD = gnu11;
				GCC_NO_COMMON_BLOCKS = YES;
				GCC_WARN_64_TO_32_BIT_CONVERSION = YES;
				GCC_WARN_ABOUT_RETURN_TYPE = YES_ERROR;
				GCC_WARN_UNDECLARED_SELECTOR = YES;
				GCC_WARN_UNINITIALIZED_AUTOS = YES_AGGRESSIVE;
				GCC_WARN_UNUSED_FUNCTION = YES;
				GCC_WARN_UNUSED_VARIABLE = YES;
				IPHONEOS_DEPLOYMENT_TARGET = 13.2;
				MTL_ENABLE_DEBUG_INFO = NO;
				MTL_FAST_MATH = YES;
				SDKROOT = iphoneos;
				SWIFT_COMPILATION_MODE = wholemodule;
				SWIFT_OPTIMIZATION_LEVEL = "-O";
				VALIDATE_PRODUCT = YES;
			};
			name = Release;
		};
		8F56B50423EFCCE200231A3D /* Debug */ = {
			isa = XCBuildConfiguration;
			buildSettings = {
				ASSETCATALOG_COMPILER_APPICON_NAME = AppIcon;
				CODE_SIGN_STYLE = Automatic;
				INFOPLIST_FILE = HotPot/Info.plist;
				LD_RUNPATH_SEARCH_PATHS = (
					"$(inherited)",
					"@executable_path/Frameworks",
				);
				PRODUCT_BUNDLE_IDENTIFIER = com.HotPot;
				PRODUCT_NAME = "$(TARGET_NAME)";
				SWIFT_VERSION = 5.0;
				TARGETED_DEVICE_FAMILY = "1,2";
			};
			name = Debug;
		};
		8F56B50523EFCCE200231A3D /* Release */ = {
			isa = XCBuildConfiguration;
			buildSettings = {
				ASSETCATALOG_COMPILER_APPICON_NAME = AppIcon;
				CODE_SIGN_STYLE = Automatic;
				INFOPLIST_FILE = HotPot/Info.plist;
				LD_RUNPATH_SEARCH_PATHS = (
					"$(inherited)",
					"@executable_path/Frameworks",
				);
				PRODUCT_BUNDLE_IDENTIFIER = com.HotPot;
				PRODUCT_NAME = "$(TARGET_NAME)";
				SWIFT_VERSION = 5.0;
				TARGETED_DEVICE_FAMILY = "1,2";
			};
			name = Release;
		};
/* End XCBuildConfiguration section */

/* Begin XCConfigurationList section */
		8F56B4EA23EFCCE100231A3D /* Build configuration list for PBXProject "HotPot" */ = {
			isa = XCConfigurationList;
			buildConfigurations = (
				8F56B50123EFCCE200231A3D /* Debug */,
				8F56B50223EFCCE200231A3D /* Release */,
			);
			defaultConfigurationIsVisible = 0;
			defaultConfigurationName = Release;
		};
		8F56B50323EFCCE200231A3D /* Build configuration list for PBXNativeTarget "HotPot" */ = {
			isa = XCConfigurationList;
			buildConfigurations = (
				8F56B50423EFCCE200231A3D /* Debug */,
				8F56B50523EFCCE200231A3D /* Release */,
			);
			defaultConfigurationIsVisible = 0;
			defaultConfigurationName = Release;
		};
/* End XCConfigurationList section */
	};
	rootObject = 8F56B4E723EFCCE100231A3D /* Project object */;
}
